
Microsoft Visual Studio Solution File, Format Version 12.00
# Visual Studio Version 17
VisualStudioVersion = 17.14.36518.9 d17.14
MinimumVisualStudioVersion = 10.0.40219.1
Project("{FAE04EC0-301F-11D3-BF4B-00C04F79EFBC}") = "KATKOVAPP4", "KATKOVAPP4\KATKOVAPP4.csproj", "{0EED330D-D006-4EBF-8AC5-813CEE6FE518}"
EndProject
Global
	GlobalSection(SolutionConfigurationPlatforms) = preSolution
		Debug|Any CPU = Debug|Any CPU
		Release|Any CPU = Release|Any CPU
	EndGlobalSection
	GlobalSection(ProjectConfigurationPlatforms) = postSolution
		{0EED330D-D006-4EBF-8AC5-813CEE6FE518}.Debug|Any CPU.ActiveCfg = Debug|Any CPU
		{0EED330D-D006-4EBF-8AC5-813CEE6FE518}.Debug|Any CPU.Build.0 = Debug|Any CPU
		{0EED330D-D006-4EBF-8AC5-813CEE6FE518}.Release|Any CPU.ActiveCfg = Release|Any CPU
		{0EED330D-D006-4EBF-8AC5-813CEE6FE518}.Release|Any CPU.Build.0 = Release|Any CPU
	EndGlobalSection
	GlobalSection(SolutionProperties) = preSolution
		HideSolutionNode = FALSE
	EndGlobalSection
	GlobalSection(ExtensibilityGlobals) = postSolution
		SolutionGuid = {77355489-AB64-42BD-9C97-65C2177F2CE3}
	EndGlobalSection
EndGlobal
